
Microsoft Visual Studio Solution File, Format Version 12.00
# Visual Studio Version 16
VisualStudioVersion = 16.0.30413.136
MinimumVisualStudioVersion = 10.0.40219.1
Project("{FAE04EC0-301F-11D3-BF4B-00C04F79EFBC}") = "Calculator.lib", "Calculator.lib\Calculator.lib.csproj", "{F0B833AE-5AAA-43C3-9D39-5ACB0E08704A}"
EndProject
Project("{FAE04EC0-301F-11D3-BF4B-00C04F79EFBC}") = "Calculator.ConsoleApp", "Calculator.ConsoleApp\Calculator.ConsoleApp.csproj", "{07126D14-D597-4851-8E59-C41C35A5F83E}"
EndProject
Project("{FAE04EC0-301F-11D3-BF4B-00C04F79EFBC}") = "Calculator.WindowsForm", "Calculator.WindowsForm\Calculator.WindowsForm.csproj", "{CC6EC82A-DEE3-47BB-A0F8-D4D5299826E1}"
EndProject
Global
	GlobalSection(SolutionConfigurationPlatforms) = preSolution
		Debug|Any CPU = Debug|Any CPU
		Release|Any CPU = Release|Any CPU
	EndGlobalSection
	GlobalSection(ProjectConfigurationPlatforms) = postSolution
		{F0B833AE-5AAA-43C3-9D39-5ACB0E08704A}.Debug|Any CPU.ActiveCfg = Debug|Any CPU
		{F0B833AE-5AAA-43C3-9D39-5ACB0E08704A}.Debug|Any CPU.Build.0 = Debug|Any CPU
		{F0B833AE-5AAA-43C3-9D39-5ACB0E08704A}.Release|Any CPU.ActiveCfg = Release|Any CPU
		{F0B833AE-5AAA-43C3-9D39-5ACB0E08704A}.Release|Any CPU.Build.0 = Release|Any CPU
		{07126D14-D597-4851-8E59-C41C35A5F83E}.Debug|Any CPU.ActiveCfg = Debug|Any CPU
		{07126D14-D597-4851-8E59-C41C35A5F83E}.Debug|Any CPU.Build.0 = Debug|Any CPU
		{07126D14-D597-4851-8E59-C41C35A5F83E}.Release|Any CPU.ActiveCfg = Release|Any CPU
		{07126D14-D597-4851-8E59-C41C35A5F83E}.Release|Any CPU.Build.0 = Release|Any CPU
		{CC6EC82A-DEE3-47BB-A0F8-D4D5299826E1}.Debug|Any CPU.ActiveCfg = Debug|Any CPU
		{CC6EC82A-DEE3-47BB-A0F8-D4D5299826E1}.Debug|Any CPU.Build.0 = Debug|Any CPU
		{CC6EC82A-DEE3-47BB-A0F8-D4D5299826E1}.Release|Any CPU.ActiveCfg = Release|Any CPU
		{CC6EC82A-DEE3-47BB-A0F8-D4D5299826E1}.Release|Any CPU.Build.0 = Release|Any CPU
	EndGlobalSection
	GlobalSection(SolutionProperties) = preSolution
		HideSolutionNode = FALSE
	EndGlobalSection
	GlobalSection(ExtensibilityGlobals) = postSolution
		SolutionGuid = {9BD3CE1C-EEC1-48EC-AF7F-EF16041E9146}
	EndGlobalSection
EndGlobal
